<?xml version="1.0" encoding="utf-8"?>
<Project ToolsVersion="4.0" xmlns="http://schemas.microsoft.com/developer/msbuild/2003">
  <ItemGroup>
    <Filter Include="Source Files">
      <UniqueIdentifier>{4FC737F1-C7A5-4376-A066-2A32D752A2FF}</UniqueIdentifier>
      <Extensions>cpp;c;cc;cxx;def;odl;idl;hpj;bat;asm;asmx</Extensions>
    </Filter>
    <Filter Include="Header Files">
      <UniqueIdentifier>{93995380-89BD-4b04-88EB-625FBE52EBFB}</UniqueIdentifier>
      <Extensions>h;hh;hpp;hxx;hm;inl;inc;xsd</Extensions>
    </Filter>
    <Filter Include="Resource Files">
      <UniqueIdentifier>{67DA6AB6-F800-4c08-8B7A-83BB121AAD01}</UniqueIdentifier>
      <Extensions>rc;ico;cur;bmp;dlg;rc2;rct;bin;rgs;gif;jpg;jpeg;jpe;resx;tiff;tif;png;wav;mfcribbon-ms</Extensions>
    </Filter>
    <Filter Include="Source Files\RayTracer">
      <UniqueIdentifier>{b05ead08-6fe3-4419-b222-bace70c522d5}</UniqueIdentifier>
    </Filter>
    <Filter Include="Source Files\Utils">
      <UniqueIdentifier>{2805b7dd-a106-4392-8425-9e00ec464148}</UniqueIdentifier>
    </Filter>
    <Filter Include="Source Files\Scene">
      <UniqueIdentifier>{aed3e5c4-250f-4c33-95d4-e2c7a0dc2277}</UniqueIdentifier>
    </Filter>
    <Filter Include="Source Files\Utils\Geometry">
      <UniqueIdentifier>{57a18851-c605-4084-ba17-d2ab8be1aff2}</UniqueIdentifier>
    </Filter>
    <Filter Include="Header Files\RayTracer">
      <UniqueIdentifier>{bf27f39c-1f91-433f-922a-0ee7d42a2075}</UniqueIdentifier>
    </Filter>
    <Filter Include="Header Files\Utils">
      <UniqueIdentifier>{5c8e8889-2bc6-4529-80b4-b138cceae721}</UniqueIdentifier>
    </Filter>
    <Filter Include="Header Files\Utils\Geometry">
      <UniqueIdentifier>{45091d78-d4f0-4f51-8345-4d5ed9cf1910}</UniqueIdentifier>
    </Filter>
    <Filter Include="Header Files\Utils\Math">
      <UniqueIdentifier>{17a6033c-8249-4375-926b-f9f4f2435243}</UniqueIdentifier>
    </Filter>
    <Filter Include="Source Files\Utils\Math">
      <UniqueIdentifier>{2a0d402b-90ca-4d6e-8b74-ad05a97f1e87}</UniqueIdentifier>
    </Filter>
  </ItemGroup>
  <ItemGroup>
    <Text Include="ReadMe.txt" />
  </ItemGroup>
  <ItemGroup>
    <ClInclude Include="stdafx.h">
      <Filter>Header Files</Filter>
    </ClInclude>
    <ClInclude Include="targetver.h">
      <Filter>Header Files</Filter>
    </ClInclude>
    <ClInclude Include="Point3D.h">
      <Filter>Header Files\Utils\Geometry</Filter>
    </ClInclude>
    <ClInclude Include="Object.h">
      <Filter>Header Files\Utils\Geometry</Filter>
    </ClInclude>
    <ClInclude Include="Sphere.h">
      <Filter>Header Files\Utils\Geometry</Filter>
    </ClInclude>
    <ClInclude Include="Triangle.h">
      <Filter>Header Files\Utils\Geometry</Filter>
    </ClInclude>
    <ClInclude Include="Ray.h">
      <Filter>Header Files\Utils\Geometry</Filter>
    </ClInclude>
    <ClInclude Include="MathUtils.h">
      <Filter>Header Files\Utils\Math</Filter>
    </ClInclude>
    <ClInclude Include="Octree.h">
      <Filter>Header Files\Utils</Filter>
    </ClInclude>
    <ClInclude Include="GeometryExtent3D.h">
      <Filter>Header Files\Utils\Geometry</Filter>
    </ClInclude>
  </ItemGroup>
  <ItemGroup>
    <ClCompile Include="MathUtils.cpp">
      <Filter>Source Files\Utils\Math</Filter>
    </ClCompile>
    <ClCompile Include="Octree.cpp">
      <Filter>Source Files\Utils</Filter>
    </ClCompile>
    <ClCompile Include="GeometryExtent3D.cpp">
      <Filter>Source Files\Utils\Geometry</Filter>
    </ClCompile>
    <ClCompile Include="Triangle.cpp">
      <Filter>Source Files\Utils\Geometry</Filter>
    </ClCompile>
    <ClCompile Include="Sphere.cpp">
      <Filter>Source Files\Utils\Geometry</Filter>
    </ClCompile>
  </ItemGroup>
</Project>